
Microsoft Visual Studio Solution File, Format Version 12.00
# Visual Studio Version 16
VisualStudioVersion = 16.0.31025.194
MinimumVisualStudioVersion = 10.0.40219.1
Project("{8BC9CEB8-8B4A-11D0-8D11-00A0C91BC942}") = "test_3", "test_3.vcxproj", "{645BE0FD-C6EC-488A-A652-80EAF6C4388A}"
EndProject
Project("{8BC9CEB8-8B4A-11D0-8D11-00A0C91BC942}") = "test_4", "..\test_4\test_4.vcxproj", "{F27EF274-4CAF-48CD-8619-98E9470F068F}"
EndProject
Global
	GlobalSection(SolutionConfigurationPlatforms) = preSolution
		Debug|x64 = Debug|x64
		Debug|x86 = Debug|x86
		Release|x64 = Release|x64
		Release|x86 = Release|x86
	EndGlobalSection
	GlobalSection(ProjectConfigurationPlatforms) = postSolution
		{645BE0FD-C6EC-488A-A652-80EAF6C4388A}.Debug|x64.ActiveCfg = Debug|x64
		{645BE0FD-C6EC-488A-A652-80EAF6C4388A}.Debug|x64.Build.0 = Debug|x64
		{645BE0FD-C6EC-488A-A652-80EAF6C4388A}.Debug|x86.ActiveCfg = Debug|Win32
		{645BE0FD-C6EC-488A-A652-80EAF6C4388A}.Debug|x86.Build.0 = Debug|Win32
		{645BE0FD-C6EC-488A-A652-80EAF6C4388A}.Release|x64.ActiveCfg = Release|x64
		{645BE0FD-C6EC-488A-A652-80EAF6C4388A}.Release|x64.Build.0 = Release|x64
		{645BE0FD-C6EC-488A-A652-80EAF6C4388A}.Release|x86.ActiveCfg = Release|Win32
		{645BE0FD-C6EC-488A-A652-80EAF6C4388A}.Release|x86.Build.0 = Release|Win32
		{F27EF274-4CAF-48CD-8619-98E9470F068F}.Debug|x64.ActiveCfg = Debug|x64
		{F27EF274-4CAF-48CD-8619-98E9470F068F}.Debug|x64.Build.0 = Debug|x64
		{F27EF274-4CAF-48CD-8619-98E9470F068F}.Debug|x86.ActiveCfg = Debug|Win32
		{F27EF274-4CAF-48CD-8619-98E9470F068F}.Debug|x86.Build.0 = Debug|Win32
		{F27EF274-4CAF-48CD-8619-98E9470F068F}.Release|x64.ActiveCfg = Release|x64
		{F27EF274-4CAF-48CD-8619-98E9470F068F}.Release|x64.Build.0 = Release|x64
		{F27EF274-4CAF-48CD-8619-98E9470F068F}.Release|x86.ActiveCfg = Release|Win32
		{F27EF274-4CAF-48CD-8619-98E9470F068F}.Release|x86.Build.0 = Release|Win32
	EndGlobalSection
	GlobalSection(SolutionProperties) = preSolution
		HideSolutionNode = FALSE
	EndGlobalSection
	GlobalSection(ExtensibilityGlobals) = postSolution
		SolutionGuid = {6A0D5D70-5C5F-4E3A-A267-9531794C0AD0}
	EndGlobalSection
EndGlobal
