
Microsoft Visual Studio Solution File, Format Version 12.00
# Visual Studio Version 16
VisualStudioVersion = 16.0.31025.194
MinimumVisualStudioVersion = 10.0.40219.1
Project("{8BC9CEB8-8B4A-11D0-8D11-00A0C91BC942}") = "5-2 server", "5-2 server.vcxproj", "{652F48E1-A7AD-4F49-B074-F9F6E94C2696}"
EndProject
Project("{8BC9CEB8-8B4A-11D0-8D11-00A0C91BC942}") = "5-2 client", "..\Project5-2_client_var\5-2 client.vcxproj", "{02BA83F8-735A-47D3-AE71-89BC3B703F39}"
EndProject
Global
	GlobalSection(SolutionConfigurationPlatforms) = preSolution
		Debug|x64 = Debug|x64
		Debug|x86 = Debug|x86
		Release|x64 = Release|x64
		Release|x86 = Release|x86
	EndGlobalSection
	GlobalSection(ProjectConfigurationPlatforms) = postSolution
		{652F48E1-A7AD-4F49-B074-F9F6E94C2696}.Debug|x64.ActiveCfg = Debug|x64
		{652F48E1-A7AD-4F49-B074-F9F6E94C2696}.Debug|x64.Build.0 = Debug|x64
		{652F48E1-A7AD-4F49-B074-F9F6E94C2696}.Debug|x86.ActiveCfg = Debug|Win32
		{652F48E1-A7AD-4F49-B074-F9F6E94C2696}.Debug|x86.Build.0 = Debug|Win32
		{652F48E1-A7AD-4F49-B074-F9F6E94C2696}.Release|x64.ActiveCfg = Release|x64
		{652F48E1-A7AD-4F49-B074-F9F6E94C2696}.Release|x64.Build.0 = Release|x64
		{652F48E1-A7AD-4F49-B074-F9F6E94C2696}.Release|x86.ActiveCfg = Release|Win32
		{652F48E1-A7AD-4F49-B074-F9F6E94C2696}.Release|x86.Build.0 = Release|Win32
		{02BA83F8-735A-47D3-AE71-89BC3B703F39}.Debug|x64.ActiveCfg = Debug|x64
		{02BA83F8-735A-47D3-AE71-89BC3B703F39}.Debug|x64.Build.0 = Debug|x64
		{02BA83F8-735A-47D3-AE71-89BC3B703F39}.Debug|x86.ActiveCfg = Debug|Win32
		{02BA83F8-735A-47D3-AE71-89BC3B703F39}.Debug|x86.Build.0 = Debug|Win32
		{02BA83F8-735A-47D3-AE71-89BC3B703F39}.Release|x64.ActiveCfg = Release|x64
		{02BA83F8-735A-47D3-AE71-89BC3B703F39}.Release|x64.Build.0 = Release|x64
		{02BA83F8-735A-47D3-AE71-89BC3B703F39}.Release|x86.ActiveCfg = Release|Win32
		{02BA83F8-735A-47D3-AE71-89BC3B703F39}.Release|x86.Build.0 = Release|Win32
	EndGlobalSection
	GlobalSection(SolutionProperties) = preSolution
		HideSolutionNode = FALSE
	EndGlobalSection
	GlobalSection(ExtensibilityGlobals) = postSolution
		SolutionGuid = {4312083A-18C1-4C13-9BF5-852ED2FF8795}
	EndGlobalSection
EndGlobal
