
Microsoft Visual Studio Solution File, Format Version 12.00
# Visual Studio Version 16
VisualStudioVersion = 16.0.31025.194
MinimumVisualStudioVersion = 10.0.40219.1
Project("{8BC9CEB8-8B4A-11D0-8D11-00A0C91BC942}") = "Project5-1", "Project5-1.vcxproj", "{47E5CFA4-53FC-416E-B276-F29AA7211E85}"
EndProject
Project("{8BC9CEB8-8B4A-11D0-8D11-00A0C91BC942}") = "Project5-1  client fix", "..\Project5-1_client_fix\Project5-1  client fix.vcxproj", "{6214AE0D-DE96-4CEE-B21F-5D5968CEA850}"
EndProject
Global
	GlobalSection(SolutionConfigurationPlatforms) = preSolution
		Debug|x64 = Debug|x64
		Debug|x86 = Debug|x86
		Release|x64 = Release|x64
		Release|x86 = Release|x86
	EndGlobalSection
	GlobalSection(ProjectConfigurationPlatforms) = postSolution
		{47E5CFA4-53FC-416E-B276-F29AA7211E85}.Debug|x64.ActiveCfg = Debug|x64
		{47E5CFA4-53FC-416E-B276-F29AA7211E85}.Debug|x64.Build.0 = Debug|x64
		{47E5CFA4-53FC-416E-B276-F29AA7211E85}.Debug|x86.ActiveCfg = Debug|Win32
		{47E5CFA4-53FC-416E-B276-F29AA7211E85}.Debug|x86.Build.0 = Debug|Win32
		{47E5CFA4-53FC-416E-B276-F29AA7211E85}.Release|x64.ActiveCfg = Release|x64
		{47E5CFA4-53FC-416E-B276-F29AA7211E85}.Release|x64.Build.0 = Release|x64
		{47E5CFA4-53FC-416E-B276-F29AA7211E85}.Release|x86.ActiveCfg = Release|Win32
		{47E5CFA4-53FC-416E-B276-F29AA7211E85}.Release|x86.Build.0 = Release|Win32
		{6214AE0D-DE96-4CEE-B21F-5D5968CEA850}.Debug|x64.ActiveCfg = Debug|x64
		{6214AE0D-DE96-4CEE-B21F-5D5968CEA850}.Debug|x64.Build.0 = Debug|x64
		{6214AE0D-DE96-4CEE-B21F-5D5968CEA850}.Debug|x86.ActiveCfg = Debug|Win32
		{6214AE0D-DE96-4CEE-B21F-5D5968CEA850}.Debug|x86.Build.0 = Debug|Win32
		{6214AE0D-DE96-4CEE-B21F-5D5968CEA850}.Release|x64.ActiveCfg = Release|x64
		{6214AE0D-DE96-4CEE-B21F-5D5968CEA850}.Release|x64.Build.0 = Release|x64
		{6214AE0D-DE96-4CEE-B21F-5D5968CEA850}.Release|x86.ActiveCfg = Release|Win32
		{6214AE0D-DE96-4CEE-B21F-5D5968CEA850}.Release|x86.Build.0 = Release|Win32
	EndGlobalSection
	GlobalSection(SolutionProperties) = preSolution
		HideSolutionNode = FALSE
	EndGlobalSection
	GlobalSection(ExtensibilityGlobals) = postSolution
		SolutionGuid = {E798648C-F6CE-4F2D-80F1-F49DEFBBD7F8}
	EndGlobalSection
EndGlobal
